
Microsoft Visual Studio Solution File, Format Version 12.00
# Visual Studio Version 17
VisualStudioVersion = 17.8.34330.188
MinimumVisualStudioVersion = 10.0.40219.1
Project("{FAE04EC0-301F-11D3-BF4B-00C04F79EFBC}") = "AuthorizationSystem", "AuthorizationSystem.csproj", "{C6FA57A8-C96E-4CEC-8A33-CB3C574A1552}"
EndProject
Global
	GlobalSection(SolutionConfigurationPlatforms) = preSolution
		Debug|Any CPU = Debug|Any CPU
		Release|Any CPU = Release|Any CPU
	EndGlobalSection
	GlobalSection(ProjectConfigurationPlatforms) = postSolution
		{C6FA57A8-C96E-4CEC-8A33-CB3C574A1552}.Debug|Any CPU.ActiveCfg = Debug|Any CPU
		{C6FA57A8-C96E-4CEC-8A33-CB3C574A1552}.Debug|Any CPU.Build.0 = Debug|Any CPU
		{C6FA57A8-C96E-4CEC-8A33-CB3C574A1552}.Release|Any CPU.ActiveCfg = Release|Any CPU
		{C6FA57A8-C96E-4CEC-8A33-CB3C574A1552}.Release|Any CPU.Build.0 = Release|Any CPU
	EndGlobalSection
	GlobalSection(SolutionProperties) = preSolution
		HideSolutionNode = FALSE
	EndGlobalSection
	GlobalSection(ExtensibilityGlobals) = postSolution
		SolutionGuid = {529744A0-FF79-471C-9330-EE75E5450DAE}
	EndGlobalSection
EndGlobal
